
Microsoft Visual Studio Solution File, Format Version 12.00
# Visual Studio Version 17
VisualStudioVersion = 17.10.34928.147
MinimumVisualStudioVersion = 10.0.40219.1
Project("{FAE04EC0-301F-11D3-BF4B-00C04F79EFBC}") = "TestApi", "TestApi\TestApi.csproj", "{0181D9B6-04EE-44CD-8112-0251CD8D0B16}"
EndProject
Global
	GlobalSection(SolutionConfigurationPlatforms) = preSolution
		Debug|Any CPU = Debug|Any CPU
		Release|Any CPU = Release|Any CPU
	EndGlobalSection
	GlobalSection(ProjectConfigurationPlatforms) = postSolution
		{0181D9B6-04EE-44CD-8112-0251CD8D0B16}.Debug|Any CPU.ActiveCfg = Debug|Any CPU
		{0181D9B6-04EE-44CD-8112-0251CD8D0B16}.Debug|Any CPU.Build.0 = Debug|Any CPU
		{0181D9B6-04EE-44CD-8112-0251CD8D0B16}.Release|Any CPU.ActiveCfg = Release|Any CPU
		{0181D9B6-04EE-44CD-8112-0251CD8D0B16}.Release|Any CPU.Build.0 = Release|Any CPU
	EndGlobalSection
	GlobalSection(SolutionProperties) = preSolution
		HideSolutionNode = FALSE
	EndGlobalSection
	GlobalSection(ExtensibilityGlobals) = postSolution
		SolutionGuid = {961B74A5-7D07-4F20-8F4D-B0D772A1CFF2}
	EndGlobalSection
EndGlobal
